
Microsoft Visual Studio Solution File, Format Version 12.00
# Visual Studio 15
VisualStudioVersion = 15.0.27004.2002
MinimumVisualStudioVersion = 10.0.40219.1
Project("{D954291E-2A0B-460D-934E-DC6B0785DB48}") = "SAP2_ParallelClass", "SAP2_ParallelClass\SAP2_ParallelClass\SAP2_ParallelClass.shproj", "{5B008F6C-1DDD-4AB7-8B62-6A1FBDFCF633}"
EndProject
Project("{FAE04EC0-301F-11D3-BF4B-00C04F79EFBC}") = "SAP2_ParallelClass.Android", "SAP2_ParallelClass\SAP2_ParallelClass.Android\SAP2_ParallelClass.Android.csproj", "{F4430B57-9486-4AE2-90EE-B7D936AD7D62}"
EndProject
Project("{FAE04EC0-301F-11D3-BF4B-00C04F79EFBC}") = "SAP2_ParallelClass.iOS", "SAP2_ParallelClass\SAP2_ParallelClass.iOS\SAP2_ParallelClass.iOS.csproj", "{7AEE6FF0-F4F9-4A15-BE09-D641B17BC641}"
EndProject
Project("{FAE04EC0-301F-11D3-BF4B-00C04F79EFBC}") = "SAP2_ParallelClass.UWP", "SAP2_ParallelClass\SAP2_ParallelClass.UWP\SAP2_ParallelClass.UWP.csproj", "{8772A0D2-4080-4348-AB6D-4FE1D0BABA9A}"
EndProject
Global
	GlobalSection(SharedMSBuildProjectFiles) = preSolution
		SAP2_ParallelClass\SAP2_ParallelClass\SAP2_ParallelClass.projitems*{5b008f6c-1ddd-4ab7-8b62-6a1fbdfcf633}*SharedItemsImports = 13
		SAP2_ParallelClass\SAP2_ParallelClass\SAP2_ParallelClass.projitems*{7aee6ff0-f4f9-4a15-be09-d641b17bc641}*SharedItemsImports = 4
		SAP2_ParallelClass\SAP2_ParallelClass\SAP2_ParallelClass.projitems*{f4430b57-9486-4ae2-90ee-b7d936ad7d62}*SharedItemsImports = 4
	EndGlobalSection
	GlobalSection(SolutionConfigurationPlatforms) = preSolution
		Ad-Hoc|Any CPU = Ad-Hoc|Any CPU
		Ad-Hoc|ARM = Ad-Hoc|ARM
		Ad-Hoc|iPhone = Ad-Hoc|iPhone
		Ad-Hoc|iPhoneSimulator = Ad-Hoc|iPhoneSimulator
		Ad-Hoc|x64 = Ad-Hoc|x64
		Ad-Hoc|x86 = Ad-Hoc|x86
		AppStore|Any CPU = AppStore|Any CPU
		AppStore|ARM = AppStore|ARM
		AppStore|iPhone = AppStore|iPhone
		AppStore|iPhoneSimulator = AppStore|iPhoneSimulator
		AppStore|x64 = AppStore|x64
		AppStore|x86 = AppStore|x86
		Debug|Any CPU = Debug|Any CPU
		Debug|ARM = Debug|ARM
		Debug|iPhone = Debug|iPhone
		Debug|iPhoneSimulator = Debug|iPhoneSimulator
		Debug|x64 = Debug|x64
		Debug|x86 = Debug|x86
		Release|Any CPU = Release|Any CPU
		Release|ARM = Release|ARM
		Release|iPhone = Release|iPhone
		Release|iPhoneSimulator = Release|iPhoneSimulator
		Release|x64 = Release|x64
		Release|x86 = Release|x86
	EndGlobalSection
	GlobalSection(ProjectConfigurationPlatforms) = postSolution
		{F4430B57-9486-4AE2-90EE-B7D936AD7D62}.Ad-Hoc|Any CPU.ActiveCfg = Release|Any CPU
		{F4430B57-9486-4AE2-90EE-B7D936AD7D62}.Ad-Hoc|Any CPU.Build.0 = Release|Any CPU
		{F4430B57-9486-4AE2-90EE-B7D936AD7D62}.Ad-Hoc|Any CPU.Deploy.0 = Release|Any CPU
		{F4430B57-9486-4AE2-90EE-B7D936AD7D62}.Ad-Hoc|ARM.ActiveCfg = Release|Any CPU
		{F4430B57-9486-4AE2-90EE-B7D936AD7D62}.Ad-Hoc|ARM.Build.0 = Release|Any CPU
		{F4430B57-9486-4AE2-90EE-B7D936AD7D62}.Ad-Hoc|ARM.Deploy.0 = Release|Any CPU
		{F4430B57-9486-4AE2-90EE-B7D936AD7D62}.Ad-Hoc|iPhone.ActiveCfg = Release|Any CPU
		{F4430B57-9486-4AE2-90EE-B7D936AD7D62}.Ad-Hoc|iPhone.Build.0 = Release|Any CPU
		{F4430B57-9486-4AE2-90EE-B7D936AD7D62}.Ad-Hoc|iPhone.Deploy.0 = Release|Any CPU
		{F4430B57-9486-4AE2-90EE-B7D936AD7D62}.Ad-Hoc|iPhoneSimulator.ActiveCfg = Release|Any CPU
		{F4430B57-9486-4AE2-90EE-B7D936AD7D62}.Ad-Hoc|iPhoneSimulator.Build.0 = Release|Any CPU
		{F4430B57-9486-4AE2-90EE-B7D936AD7D62}.Ad-Hoc|iPhoneSimulator.Deploy.0 = Release|Any CPU
		{F4430B57-9486-4AE2-90EE-B7D936AD7D62}.Ad-Hoc|x64.ActiveCfg = Release|Any CPU
		{F4430B57-9486-4AE2-90EE-B7D936AD7D62}.Ad-Hoc|x64.Build.0 = Release|Any CPU
		{F4430B57-9486-4AE2-90EE-B7D936AD7D62}.Ad-Hoc|x64.Deploy.0 = Release|Any CPU
		{F4430B57-9486-4AE2-90EE-B7D936AD7D62}.Ad-Hoc|x86.ActiveCfg = Release|Any CPU
		{F4430B57-9486-4AE2-90EE-B7D936AD7D62}.Ad-Hoc|x86.Build.0 = Release|Any CPU
		{F4430B57-9486-4AE2-90EE-B7D936AD7D62}.Ad-Hoc|x86.Deploy.0 = Release|Any CPU
		{F4430B57-9486-4AE2-90EE-B7D936AD7D62}.AppStore|Any CPU.ActiveCfg = Release|Any CPU
		{F4430B57-9486-4AE2-90EE-B7D936AD7D62}.AppStore|Any CPU.Build.0 = Release|Any CPU
		{F4430B57-9486-4AE2-90EE-B7D936AD7D62}.AppStore|Any CPU.Deploy.0 = Release|Any CPU
		{F4430B57-9486-4AE2-90EE-B7D936AD7D62}.AppStore|ARM.ActiveCfg = Release|Any CPU
		{F4430B57-9486-4AE2-90EE-B7D936AD7D62}.AppStore|ARM.Build.0 = Release|Any CPU
		{F4430B57-9486-4AE2-90EE-B7D936AD7D62}.AppStore|ARM.Deploy.0 = Release|Any CPU
		{F4430B57-9486-4AE2-90EE-B7D936AD7D62}.AppStore|iPhone.ActiveCfg = Release|Any CPU
		{F4430B57-9486-4AE2-90EE-B7D936AD7D62}.AppStore|iPhone.Build.0 = Release|Any CPU
		{F4430B57-9486-4AE2-90EE-B7D936AD7D62}.AppStore|iPhone.Deploy.0 = Release|Any CPU
		{F4430B57-9486-4AE2-90EE-B7D936AD7D62}.AppStore|iPhoneSimulator.ActiveCfg = Release|Any CPU
		{F4430B57-9486-4AE2-90EE-B7D936AD7D62}.AppStore|iPhoneSimulator.Build.0 = Release|Any CPU
		{F4430B57-9486-4AE2-90EE-B7D936AD7D62}.AppStore|iPhoneSimulator.Deploy.0 = Release|Any CPU
		{F4430B57-9486-4AE2-90EE-B7D936AD7D62}.AppStore|x64.ActiveCfg = Release|Any CPU
		{F4430B57-9486-4AE2-90EE-B7D936AD7D62}.AppStore|x64.Build.0 = Release|Any CPU
		{F4430B57-9486-4AE2-90EE-B7D936AD7D62}.AppStore|x64.Deploy.0 = Release|Any CPU
		{F4430B57-9486-4AE2-90EE-B7D936AD7D62}.AppStore|x86.ActiveCfg = Release|Any CPU
		{F4430B57-9486-4AE2-90EE-B7D936AD7D62}.AppStore|x86.Build.0 = Release|Any CPU
		{F4430B57-9486-4AE2-90EE-B7D936AD7D62}.AppStore|x86.Deploy.0 = Release|Any CPU
		{F4430B57-9486-4AE2-90EE-B7D936AD7D62}.Debug|Any CPU.ActiveCfg = Debug|Any CPU
		{F4430B57-9486-4AE2-90EE-B7D936AD7D62}.Debug|Any CPU.Build.0 = Debug|Any CPU
		{F4430B57-9486-4AE2-90EE-B7D936AD7D62}.Debug|Any CPU.Deploy.0 = Debug|Any CPU
		{F4430B57-9486-4AE2-90EE-B7D936AD7D62}.Debug|ARM.ActiveCfg = Debug|Any CPU
		{F4430B57-9486-4AE2-90EE-B7D936AD7D62}.Debug|ARM.Build.0 = Debug|Any CPU
		{F4430B57-9486-4AE2-90EE-B7D936AD7D62}.Debug|ARM.Deploy.0 = Debug|Any CPU
		{F4430B57-9486-4AE2-90EE-B7D936AD7D62}.Debug|iPhone.ActiveCfg = Debug|Any CPU
		{F4430B57-9486-4AE2-90EE-B7D936AD7D62}.Debug|iPhone.Build.0 = Debug|Any CPU
		{F4430B57-9486-4AE2-90EE-B7D936AD7D62}.Debug|iPhone.Deploy.0 = Debug|Any CPU
		{F4430B57-9486-4AE2-90EE-B7D936AD7D62}.Debug|iPhoneSimulator.ActiveCfg = Debug|Any CPU
		{F4430B57-9486-4AE2-90EE-B7D936AD7D62}.Debug|iPhoneSimulator.Build.0 = Debug|Any CPU
		{F4430B57-9486-4AE2-90EE-B7D936AD7D62}.Debug|iPhoneSimulator.Deploy.0 = Debug|Any CPU
		{F4430B57-9486-4AE2-90EE-B7D936AD7D62}.Debug|x64.ActiveCfg = Debug|Any CPU
		{F4430B57-9486-4AE2-90EE-B7D936AD7D62}.Debug|x64.Build.0 = Debug|Any CPU
		{F4430B57-9486-4AE2-90EE-B7D936AD7D62}.Debug|x64.Deploy.0 = Debug|Any CPU
		{F4430B57-9486-4AE2-90EE-B7D936AD7D62}.Debug|x86.ActiveCfg = Debug|Any CPU
		{F4430B57-9486-4AE2-90EE-B7D936AD7D62}.Debug|x86.Build.0 = Debug|Any CPU
		{F4430B57-9486-4AE2-90EE-B7D936AD7D62}.Debug|x86.Deploy.0 = Debug|Any CPU
		{F4430B57-9486-4AE2-90EE-B7D936AD7D62}.Release|Any CPU.ActiveCfg = Release|Any CPU
		{F4430B57-9486-4AE2-90EE-B7D936AD7D62}.Release|Any CPU.Build.0 = Release|Any CPU
		{F4430B57-9486-4AE2-90EE-B7D936AD7D62}.Release|Any CPU.Deploy.0 = Release|Any CPU
		{F4430B57-9486-4AE2-90EE-B7D936AD7D62}.Release|ARM.ActiveCfg = Release|Any CPU
		{F4430B57-9486-4AE2-90EE-B7D936AD7D62}.Release|ARM.Build.0 = Release|Any CPU
		{F4430B57-9486-4AE2-90EE-B7D936AD7D62}.Release|ARM.Deploy.0 = Release|Any CPU
		{F4430B57-9486-4AE2-90EE-B7D936AD7D62}.Release|iPhone.ActiveCfg = Release|Any CPU
		{F4430B57-9486-4AE2-90EE-B7D936AD7D62}.Release|iPhone.Build.0 = Release|Any CPU
		{F4430B57-9486-4AE2-90EE-B7D936AD7D62}.Release|iPhone.Deploy.0 = Release|Any CPU
		{F4430B57-9486-4AE2-90EE-B7D936AD7D62}.Release|iPhoneSimulator.ActiveCfg = Release|Any CPU
		{F4430B57-9486-4AE2-90EE-B7D936AD7D62}.Release|iPhoneSimulator.Build.0 = Release|Any CPU
		{F4430B57-9486-4AE2-90EE-B7D936AD7D62}.Release|iPhoneSimulator.Deploy.0 = Release|Any CPU
		{F4430B57-9486-4AE2-90EE-B7D936AD7D62}.Release|x64.ActiveCfg = Release|Any CPU
		{F4430B57-9486-4AE2-90EE-B7D936AD7D62}.Release|x64.Build.0 = Release|Any CPU
		{F4430B57-9486-4AE2-90EE-B7D936AD7D62}.Release|x64.Deploy.0 = Release|Any CPU
		{F4430B57-9486-4AE2-90EE-B7D936AD7D62}.Release|x86.ActiveCfg = Release|Any CPU
		{F4430B57-9486-4AE2-90EE-B7D936AD7D62}.Release|x86.Build.0 = Release|Any CPU
		{F4430B57-9486-4AE2-90EE-B7D936AD7D62}.Release|x86.Deploy.0 = Release|Any CPU
		{7AEE6FF0-F4F9-4A15-BE09-D641B17BC641}.Ad-Hoc|Any CPU.ActiveCfg = Ad-Hoc|iPhoneSimulator
		{7AEE6FF0-F4F9-4A15-BE09-D641B17BC641}.Ad-Hoc|ARM.ActiveCfg = Ad-Hoc|iPhone
		{7AEE6FF0-F4F9-4A15-BE09-D641B17BC641}.Ad-Hoc|iPhone.ActiveCfg = Ad-Hoc|iPhone
		{7AEE6FF0-F4F9-4A15-BE09-D641B17BC641}.Ad-Hoc|iPhone.Build.0 = Ad-Hoc|iPhone
		{7AEE6FF0-F4F9-4A15-BE09-D641B17BC641}.Ad-Hoc|iPhoneSimulator.ActiveCfg = Ad-Hoc|iPhoneSimulator
		{7AEE6FF0-F4F9-4A15-BE09-D641B17BC641}.Ad-Hoc|iPhoneSimulator.Build.0 = Ad-Hoc|iPhoneSimulator
		{7AEE6FF0-F4F9-4A15-BE09-D641B17BC641}.Ad-Hoc|x64.ActiveCfg = Ad-Hoc|iPhone
		{7AEE6FF0-F4F9-4A15-BE09-D641B17BC641}.Ad-Hoc|x86.ActiveCfg = Ad-Hoc|iPhone
		{7AEE6FF0-F4F9-4A15-BE09-D641B17BC641}.AppStore|Any CPU.ActiveCfg = AppStore|iPhoneSimulator
		{7AEE6FF0-F4F9-4A15-BE09-D641B17BC641}.AppStore|ARM.ActiveCfg = AppStore|iPhone
		{7AEE6FF0-F4F9-4A15-BE09-D641B17BC641}.AppStore|iPhone.ActiveCfg = AppStore|iPhone
		{7AEE6FF0-F4F9-4A15-BE09-D641B17BC641}.AppStore|iPhone.Build.0 = AppStore|iPhone
		{7AEE6FF0-F4F9-4A15-BE09-D641B17BC641}.AppStore|iPhoneSimulator.ActiveCfg = AppStore|iPhoneSimulator
		{7AEE6FF0-F4F9-4A15-BE09-D641B17BC641}.AppStore|iPhoneSimulator.Build.0 = AppStore|iPhoneSimulator
		{7AEE6FF0-F4F9-4A15-BE09-D641B17BC641}.AppStore|x64.ActiveCfg = AppStore|iPhone
		{7AEE6FF0-F4F9-4A15-BE09-D641B17BC641}.AppStore|x86.ActiveCfg = AppStore|iPhone
		{7AEE6FF0-F4F9-4A15-BE09-D641B17BC641}.Debug|Any CPU.ActiveCfg = Debug|iPhoneSimulator
		{7AEE6FF0-F4F9-4A15-BE09-D641B17BC641}.Debug|ARM.ActiveCfg = Debug|iPhone
		{7AEE6FF0-F4F9-4A15-BE09-D641B17BC641}.Debug|iPhone.ActiveCfg = Debug|iPhone
		{7AEE6FF0-F4F9-4A15-BE09-D641B17BC641}.Debug|iPhone.Build.0 = Debug|iPhone
		{7AEE6FF0-F4F9-4A15-BE09-D641B17BC641}.Debug|iPhoneSimulator.ActiveCfg = Debug|iPhoneSimulator
		{7AEE6FF0-F4F9-4A15-BE09-D641B17BC641}.Debug|iPhoneSimulator.Build.0 = Debug|iPhoneSimulator
		{7AEE6FF0-F4F9-4A15-BE09-D641B17BC641}.Debug|x64.ActiveCfg = Debug|iPhone
		{7AEE6FF0-F4F9-4A15-BE09-D641B17BC641}.Debug|x86.ActiveCfg = Debug|iPhone
		{7AEE6FF0-F4F9-4A15-BE09-D641B17BC641}.Release|Any CPU.ActiveCfg = Release|iPhoneSimulator
		{7AEE6FF0-F4F9-4A15-BE09-D641B17BC641}.Release|ARM.ActiveCfg = Release|iPhone
		{7AEE6FF0-F4F9-4A15-BE09-D641B17BC641}.Release|iPhone.ActiveCfg = Release|iPhone
		{7AEE6FF0-F4F9-4A15-BE09-D641B17BC641}.Release|iPhone.Build.0 = Release|iPhone
		{7AEE6FF0-F4F9-4A15-BE09-D641B17BC641}.Release|iPhoneSimulator.ActiveCfg = Release|iPhoneSimulator
		{7AEE6FF0-F4F9-4A15-BE09-D641B17BC641}.Release|iPhoneSimulator.Build.0 = Release|iPhoneSimulator
		{7AEE6FF0-F4F9-4A15-BE09-D641B17BC641}.Release|x64.ActiveCfg = Release|iPhone
		{7AEE6FF0-F4F9-4A15-BE09-D641B17BC641}.Release|x86.ActiveCfg = Release|iPhone
		{8772A0D2-4080-4348-AB6D-4FE1D0BABA9A}.Ad-Hoc|Any CPU.ActiveCfg = Release|x86
		{8772A0D2-4080-4348-AB6D-4FE1D0BABA9A}.Ad-Hoc|Any CPU.Build.0 = Release|x86
		{8772A0D2-4080-4348-AB6D-4FE1D0BABA9A}.Ad-Hoc|Any CPU.Deploy.0 = Release|x86
		{8772A0D2-4080-4348-AB6D-4FE1D0BABA9A}.Ad-Hoc|ARM.ActiveCfg = Release|ARM
		{8772A0D2-4080-4348-AB6D-4FE1D0BABA9A}.Ad-Hoc|ARM.Build.0 = Release|ARM
		{8772A0D2-4080-4348-AB6D-4FE1D0BABA9A}.Ad-Hoc|ARM.Deploy.0 = Release|ARM
		{8772A0D2-4080-4348-AB6D-4FE1D0BABA9A}.Ad-Hoc|iPhone.ActiveCfg = Release|x86
		{8772A0D2-4080-4348-AB6D-4FE1D0BABA9A}.Ad-Hoc|iPhone.Build.0 = Release|x86
		{8772A0D2-4080-4348-AB6D-4FE1D0BABA9A}.Ad-Hoc|iPhone.Deploy.0 = Release|x86
		{8772A0D2-4080-4348-AB6D-4FE1D0BABA9A}.Ad-Hoc|iPhoneSimulator.ActiveCfg = Release|x86
		{8772A0D2-4080-4348-AB6D-4FE1D0BABA9A}.Ad-Hoc|iPhoneSimulator.Build.0 = Release|x86
		{8772A0D2-4080-4348-AB6D-4FE1D0BABA9A}.Ad-Hoc|iPhoneSimulator.Deploy.0 = Release|x86
		{8772A0D2-4080-4348-AB6D-4FE1D0BABA9A}.Ad-Hoc|x64.ActiveCfg = Release|x64
		{8772A0D2-4080-4348-AB6D-4FE1D0BABA9A}.Ad-Hoc|x64.Build.0 = Release|x64
		{8772A0D2-4080-4348-AB6D-4FE1D0BABA9A}.Ad-Hoc|x64.Deploy.0 = Release|x64
		{8772A0D2-4080-4348-AB6D-4FE1D0BABA9A}.Ad-Hoc|x86.ActiveCfg = Release|x86
		{8772A0D2-4080-4348-AB6D-4FE1D0BABA9A}.Ad-Hoc|x86.Build.0 = Release|x86
		{8772A0D2-4080-4348-AB6D-4FE1D0BABA9A}.Ad-Hoc|x86.Deploy.0 = Release|x86
		{8772A0D2-4080-4348-AB6D-4FE1D0BABA9A}.AppStore|Any CPU.ActiveCfg = Release|x86
		{8772A0D2-4080-4348-AB6D-4FE1D0BABA9A}.AppStore|Any CPU.Build.0 = Release|x86
		{8772A0D2-4080-4348-AB6D-4FE1D0BABA9A}.AppStore|Any CPU.Deploy.0 = Release|x86
		{8772A0D2-4080-4348-AB6D-4FE1D0BABA9A}.AppStore|ARM.ActiveCfg = Release|ARM
		{8772A0D2-4080-4348-AB6D-4FE1D0BABA9A}.AppStore|ARM.Build.0 = Release|ARM
		{8772A0D2-4080-4348-AB6D-4FE1D0BABA9A}.AppStore|ARM.Deploy.0 = Release|ARM
		{8772A0D2-4080-4348-AB6D-4FE1D0BABA9A}.AppStore|iPhone.ActiveCfg = Release|x86
		{8772A0D2-4080-4348-AB6D-4FE1D0BABA9A}.AppStore|iPhone.Build.0 = Release|x86
		{8772A0D2-4080-4348-AB6D-4FE1D0BABA9A}.AppStore|iPhone.Deploy.0 = Release|x86
		{8772A0D2-4080-4348-AB6D-4FE1D0BABA9A}.AppStore|iPhoneSimulator.ActiveCfg = Release|x86
		{8772A0D2-4080-4348-AB6D-4FE1D0BABA9A}.AppStore|iPhoneSimulator.Build.0 = Release|x86
		{8772A0D2-4080-4348-AB6D-4FE1D0BABA9A}.AppStore|iPhoneSimulator.Deploy.0 = Release|x86
		{8772A0D2-4080-4348-AB6D-4FE1D0BABA9A}.AppStore|x64.ActiveCfg = Release|x64
		{8772A0D2-4080-4348-AB6D-4FE1D0BABA9A}.AppStore|x64.Build.0 = Release|x64
		{8772A0D2-4080-4348-AB6D-4FE1D0BABA9A}.AppStore|x64.Deploy.0 = Release|x64
		{8772A0D2-4080-4348-AB6D-4FE1D0BABA9A}.AppStore|x86.ActiveCfg = Release|x86
		{8772A0D2-4080-4348-AB6D-4FE1D0BABA9A}.AppStore|x86.Build.0 = Release|x86
		{8772A0D2-4080-4348-AB6D-4FE1D0BABA9A}.AppStore|x86.Deploy.0 = Release|x86
		{8772A0D2-4080-4348-AB6D-4FE1D0BABA9A}.Debug|Any CPU.ActiveCfg = Debug|x86
		{8772A0D2-4080-4348-AB6D-4FE1D0BABA9A}.Debug|ARM.ActiveCfg = Debug|ARM
		{8772A0D2-4080-4348-AB6D-4FE1D0BABA9A}.Debug|ARM.Build.0 = Debug|ARM
		{8772A0D2-4080-4348-AB6D-4FE1D0BABA9A}.Debug|ARM.Deploy.0 = Debug|ARM
		{8772A0D2-4080-4348-AB6D-4FE1D0BABA9A}.Debug|iPhone.ActiveCfg = Debug|x86
		{8772A0D2-4080-4348-AB6D-4FE1D0BABA9A}.Debug|iPhoneSimulator.ActiveCfg = Debug|x86
		{8772A0D2-4080-4348-AB6D-4FE1D0BABA9A}.Debug|x64.ActiveCfg = Debug|x64
		{8772A0D2-4080-4348-AB6D-4FE1D0BABA9A}.Debug|x64.Build.0 = Debug|x64
		{8772A0D2-4080-4348-AB6D-4FE1D0BABA9A}.Debug|x64.Deploy.0 = Debug|x64
		{8772A0D2-4080-4348-AB6D-4FE1D0BABA9A}.Debug|x86.ActiveCfg = Debug|x86
		{8772A0D2-4080-4348-AB6D-4FE1D0BABA9A}.Debug|x86.Build.0 = Debug|x86
		{8772A0D2-4080-4348-AB6D-4FE1D0BABA9A}.Debug|x86.Deploy.0 = Debug|x86
		{8772A0D2-4080-4348-AB6D-4FE1D0BABA9A}.Release|Any CPU.ActiveCfg = Release|x86
		{8772A0D2-4080-4348-AB6D-4FE1D0BABA9A}.Release|ARM.ActiveCfg = Release|ARM
		{8772A0D2-4080-4348-AB6D-4FE1D0BABA9A}.Release|ARM.Build.0 = Release|ARM
		{8772A0D2-4080-4348-AB6D-4FE1D0BABA9A}.Release|ARM.Deploy.0 = Release|ARM
		{8772A0D2-4080-4348-AB6D-4FE1D0BABA9A}.Release|iPhone.ActiveCfg = Release|x86
		{8772A0D2-4080-4348-AB6D-4FE1D0BABA9A}.Release|iPhoneSimulator.ActiveCfg = Release|x86
		{8772A0D2-4080-4348-AB6D-4FE1D0BABA9A}.Release|x64.ActiveCfg = Release|x64
		{8772A0D2-4080-4348-AB6D-4FE1D0BABA9A}.Release|x64.Build.0 = Release|x64
		{8772A0D2-4080-4348-AB6D-4FE1D0BABA9A}.Release|x64.Deploy.0 = Release|x64
		{8772A0D2-4080-4348-AB6D-4FE1D0BABA9A}.Release|x86.ActiveCfg = Release|x86
		{8772A0D2-4080-4348-AB6D-4FE1D0BABA9A}.Release|x86.Build.0 = Release|x86
		{8772A0D2-4080-4348-AB6D-4FE1D0BABA9A}.Release|x86.Deploy.0 = Release|x86
	EndGlobalSection
	GlobalSection(SolutionProperties) = preSolution
		HideSolutionNode = FALSE
	EndGlobalSection
	GlobalSection(ExtensibilityGlobals) = postSolution
		SolutionGuid = {30794DD7-312E-4BC2-8EDF-321A58A1ECA2}
	EndGlobalSection
EndGlobal
